
Microsoft Visual Studio Solution File, Format Version 12.00
# Visual Studio Version 17
VisualStudioVersion = 17.1.31911.260
MinimumVisualStudioVersion = 10.0.40219.1
Project("{FAE04EC0-301F-11D3-BF4B-00C04F79EFBC}") = "Wisej.EJ2DocumentEditorBlog", "Wisej.EJ2DocumentEditorBlog.csproj", "{644A20F5-AF21-43D5-AE43-7093D1BDF931}"
EndProject
Global
	GlobalSection(SolutionConfigurationPlatforms) = preSolution
		Debug|Any CPU = Debug|Any CPU
		Release|Any CPU = Release|Any CPU
	EndGlobalSection
	GlobalSection(ProjectConfigurationPlatforms) = postSolution
		{644A20F5-AF21-43D5-AE43-7093D1BDF931}.Debug|Any CPU.ActiveCfg = Debug|Any CPU
		{644A20F5-AF21-43D5-AE43-7093D1BDF931}.Debug|Any CPU.Build.0 = Debug|Any CPU
		{644A20F5-AF21-43D5-AE43-7093D1BDF931}.Release|Any CPU.ActiveCfg = Release|Any CPU
		{644A20F5-AF21-43D5-AE43-7093D1BDF931}.Release|Any CPU.Build.0 = Release|Any CPU
	EndGlobalSection
	GlobalSection(SolutionProperties) = preSolution
		HideSolutionNode = FALSE
	EndGlobalSection
	GlobalSection(ExtensibilityGlobals) = postSolution
		SolutionGuid = {A5C995CE-46BD-40FB-960C-17FFB1D65722}
	EndGlobalSection
EndGlobal
